
Microsoft Visual Studio Solution File, Format Version 12.00
# Visual Studio 15
VisualStudioVersion = 15.0.28307.1259
MinimumVisualStudioVersion = 10.0.40219.1
Project("{FAE04EC0-301F-11D3-BF4B-00C04F79EFBC}") = "ip2email", "ip2email\ip2email.csproj", "{FD86FDC2-01BF-4CEB-8324-B2D046AA50F5}"
EndProject
Global
	GlobalSection(SolutionConfigurationPlatforms) = preSolution
		Debug|Any CPU = Debug|Any CPU
		Release|Any CPU = Release|Any CPU
	EndGlobalSection
	GlobalSection(ProjectConfigurationPlatforms) = postSolution
		{FD86FDC2-01BF-4CEB-8324-B2D046AA50F5}.Debug|Any CPU.ActiveCfg = Debug|Any CPU
		{FD86FDC2-01BF-4CEB-8324-B2D046AA50F5}.Debug|Any CPU.Build.0 = Debug|Any CPU
		{FD86FDC2-01BF-4CEB-8324-B2D046AA50F5}.Release|Any CPU.ActiveCfg = Release|Any CPU
		{FD86FDC2-01BF-4CEB-8324-B2D046AA50F5}.Release|Any CPU.Build.0 = Release|Any CPU
	EndGlobalSection
	GlobalSection(SolutionProperties) = preSolution
		HideSolutionNode = FALSE
	EndGlobalSection
	GlobalSection(ExtensibilityGlobals) = postSolution
		SolutionGuid = {42FA7243-CB71-41AE-8969-F1E6D0E671B4}
	EndGlobalSection
EndGlobal
